// !$*UTF8*$!
{
	archiveVersion = 1;
	classes = {
	};
	objectVersion = 46;
	objects = {

/* Begin PBXBuildFile section */
		8797E743177785CC004BE29B /* IPFSPhotoUploader.m in Sources */ = {isa = PBXBuildFile; fileRef = 8797E742177785CC004BE29B /* IPFSPhotoUploader.m */; };
		87B54A32177390EC000780BA /* Cocoa.framework in Frameworks */ = {isa = PBXBuildFile; fileRef = 87B54A31177390EC000780BA /* Cocoa.framework */; };
		87B54A3C177390EC000780BA /* InfoPlist.strings in Resources */ = {isa = PBXBuildFile; fileRef = 87B54A3A177390EC000780BA /* InfoPlist.strings */; };
		87B54A3E177390EC000780BA /* main.m in Sources */ = {isa = PBXBuildFile; fileRef = 87B54A3D177390EC000780BA /* main.m */; };
		87B54A42177390EC000780BA /* Credits.rtf in Resources */ = {isa = PBXBuildFile; fileRef = 87B54A40177390EC000780BA /* Credits.rtf */; };
		87B54A45177390EC000780BA /* IPFSAppDelegate.m in Sources */ = {isa = PBXBuildFile; fileRef = 87B54A44177390EC000780BA /* IPFSAppDelegate.m */; };
		87B54A48177390ED000780BA /* MainMenu.xib in Resources */ = {isa = PBXBuildFile; fileRef = 87B54A46177390ED000780BA /* MainMenu.xib */; };
		87B54A4B177390ED000780BA /* iPhotoFlickrSync.xcdatamodeld in Sources */ = {isa = PBXBuildFile; fileRef = 87B54A49177390ED000780BA /* iPhotoFlickrSync.xcdatamodeld */; };
		87B54A53177390ED000780BA /* SenTestingKit.framework in Frameworks */ = {isa = PBXBuildFile; fileRef = 87B54A52177390ED000780BA /* SenTestingKit.framework */; };
		87B54A54177390ED000780BA /* Cocoa.framework in Frameworks */ = {isa = PBXBuildFile; fileRef = 87B54A31177390EC000780BA /* Cocoa.framework */; };
		87B54A5C177390ED000780BA /* InfoPlist.strings in Resources */ = {isa = PBXBuildFile; fileRef = 87B54A5A177390ED000780BA /* InfoPlist.strings */; };
		87B54A5F177390ED000780BA /* iPhotoFlickrSyncTests.m in Sources */ = {isa = PBXBuildFile; fileRef = 87B54A5E177390ED000780BA /* iPhotoFlickrSyncTests.m */; };
		87B54A721773942A000780BA /* ObjectiveFlickr.framework in Frameworks */ = {isa = PBXBuildFile; fileRef = 87B54A6F177393D1000780BA /* ObjectiveFlickr.framework */; };
		87B54A7517739511000780BA /* ScriptingBridge.framework in Frameworks */ = {isa = PBXBuildFile; fileRef = 87B54A7417739511000780BA /* ScriptingBridge.framework */; };
		87B54A801773960B000780BA /* IPFSLibrary.m in Sources */ = {isa = PBXBuildFile; fileRef = 87B54A7F1773960B000780BA /* IPFSLibrary.m */; };
		87B54A851774E99D000780BA /* Photo.m in Sources */ = {isa = PBXBuildFile; fileRef = 87B54A841774E99D000780BA /* Photo.m */; };
		87B54A881774E99D000780BA /* Album.m in Sources */ = {isa = PBXBuildFile; fileRef = 87B54A871774E99D000780BA /* Album.m */; };
/* End PBXBuildFile section */

/* Begin PBXContainerItemProxy section */
		87B54A55177390ED000780BA /* PBXContainerItemProxy */ = {
			isa = PBXContainerItemProxy;
			containerPortal = 87B54A26177390EC000780BA /* Project object */;
			proxyType = 1;
			remoteGlobalIDString = 87B54A2D177390EC000780BA;
			remoteInfo = iPhotoFlickrSync;
		};
		87B54A6E177393D1000780BA /* PBXContainerItemProxy */ = {
			isa = PBXContainerItemProxy;
			containerPortal = 87B54A68177393D1000780BA /* ObjectiveFlickr.xcodeproj */;
			proxyType = 2;
			remoteGlobalIDString = 6A8666490F9593B200325E1C;
			remoteInfo = "ObjectiveFlickr (framework)";
		};
		87B54A70177393D1000780BA /* PBXContainerItemProxy */ = {
			isa = PBXContainerItemProxy;
			containerPortal = 87B54A68177393D1000780BA /* ObjectiveFlickr.xcodeproj */;
			proxyType = 2;
			remoteGlobalIDString = 6ABF72E60F939BE600B9179E;
			remoteInfo = "ObjectiveFlickr (library)";
		};
/* End PBXContainerItemProxy section */

/* Begin PBXFileReference section */
		8797E741177785CC004BE29B /* IPFSPhotoUploader.h */ = {isa = PBXFileReference; fileEncoding = 4; lastKnownFileType = sourcecode.c.h; path = IPFSPhotoUploader.h; sourceTree = "<group>"; };
		8797E742177785CC004BE29B /* IPFSPhotoUploader.m */ = {isa = PBXFileReference; fileEncoding = 4; lastKnownFileType = sourcecode.c.objc; path = IPFSPhotoUploader.m; sourceTree = "<group>"; };
		87B54A2E177390EC000780BA /* iPhotoFlickrSync.app */ = {isa = PBXFileReference; explicitFileType = wrapper.application; includeInIndex = 0; path = iPhotoFlickrSync.app; sourceTree = BUILT_PRODUCTS_DIR; };
		87B54A31177390EC000780BA /* Cocoa.framework */ = {isa = PBXFileReference; lastKnownFileType = wrapper.framework; name = Cocoa.framework; path = System/Library/Frameworks/Cocoa.framework; sourceTree = SDKROOT; };
		87B54A34177390EC000780BA /* AppKit.framework */ = {isa = PBXFileReference; lastKnownFileType = wrapper.framework; name = AppKit.framework; path = System/Library/Frameworks/AppKit.framework; sourceTree = SDKROOT; };
		87B54A35177390EC000780BA /* CoreData.framework */ = {isa = PBXFileReference; lastKnownFileType = wrapper.framework; name = CoreData.framework; path = System/Library/Frameworks/CoreData.framework; sourceTree = SDKROOT; };
		87B54A36177390EC000780BA /* Foundation.framework */ = {isa = PBXFileReference; lastKnownFileType = wrapper.framework; name = Foundation.framework; path = System/Library/Frameworks/Foundation.framework; sourceTree = SDKROOT; };
		87B54A39177390EC000780BA /* iPhotoFlickrSync-Info.plist */ = {isa = PBXFileReference; lastKnownFileType = text.plist.xml; path = "iPhotoFlickrSync-Info.plist"; sourceTree = "<group>"; };
		87B54A3B177390EC000780BA /* en */ = {isa = PBXFileReference; lastKnownFileType = text.plist.strings; name = en; path = en.lproj/InfoPlist.strings; sourceTree = "<group>"; };
		87B54A3D177390EC000780BA /* main.m */ = {isa = PBXFileReference; lastKnownFileType = sourcecode.c.objc; path = main.m; sourceTree = "<group>"; };
		87B54A3F177390EC000780BA /* iPhotoFlickrSync-Prefix.pch */ = {isa = PBXFileReference; lastKnownFileType = sourcecode.c.h; path = "iPhotoFlickrSync-Prefix.pch"; sourceTree = "<group>"; };
		87B54A41177390EC000780BA /* en */ = {isa = PBXFileReference; lastKnownFileType = text.rtf; name = en; path = en.lproj/Credits.rtf; sourceTree = "<group>"; };
		87B54A43177390EC000780BA /* IPFSAppDelegate.h */ = {isa = PBXFileReference; lastKnownFileType = sourcecode.c.h; path = IPFSAppDelegate.h; sourceTree = "<group>"; };
		87B54A44177390EC000780BA /* IPFSAppDelegate.m */ = {isa = PBXFileReference; lastKnownFileType = sourcecode.c.objc; path = IPFSAppDelegate.m; sourceTree = "<group>"; };
		87B54A47177390ED000780BA /* en */ = {isa = PBXFileReference; lastKnownFileType = file.xib; name = en; path = en.lproj/MainMenu.xib; sourceTree = "<group>"; };
		87B54A4A177390ED000780BA /* iPhotoFlickrSync.xcdatamodel */ = {isa = PBXFileReference; lastKnownFileType = wrapper.xcdatamodel; path = iPhotoFlickrSync.xcdatamodel; sourceTree = "<group>"; };
		87B54A51177390ED000780BA /* iPhotoFlickrSyncTests.octest */ = {isa = PBXFileReference; explicitFileType = wrapper.cfbundle; includeInIndex = 0; path = iPhotoFlickrSyncTests.octest; sourceTree = BUILT_PRODUCTS_DIR; };
		87B54A52177390ED000780BA /* SenTestingKit.framework */ = {isa = PBXFileReference; lastKnownFileType = wrapper.framework; name = SenTestingKit.framework; path = Library/Frameworks/SenTestingKit.framework; sourceTree = DEVELOPER_DIR; };
		87B54A59177390ED000780BA /* iPhotoFlickrSyncTests-Info.plist */ = {isa = PBXFileReference; lastKnownFileType = text.plist.xml; path = "iPhotoFlickrSyncTests-Info.plist"; sourceTree = "<group>"; };
		87B54A5B177390ED000780BA /* en */ = {isa = PBXFileReference; lastKnownFileType = text.plist.strings; name = en; path = en.lproj/InfoPlist.strings; sourceTree = "<group>"; };
		87B54A5D177390ED000780BA /* iPhotoFlickrSyncTests.h */ = {isa = PBXFileReference; lastKnownFileType = sourcecode.c.h; path = iPhotoFlickrSyncTests.h; sourceTree = "<group>"; };
		87B54A5E177390ED000780BA /* iPhotoFlickrSyncTests.m */ = {isa = PBXFileReference; lastKnownFileType = sourcecode.c.objc; path = iPhotoFlickrSyncTests.m; sourceTree = "<group>"; };
		87B54A68177393D1000780BA /* ObjectiveFlickr.xcodeproj */ = {isa = PBXFileReference; lastKnownFileType = "wrapper.pb-project"; name = ObjectiveFlickr.xcodeproj; path = objectiveflickr/ObjectiveFlickr.xcodeproj; sourceTree = SOURCE_ROOT; };
		87B54A7417739511000780BA /* ScriptingBridge.framework */ = {isa = PBXFileReference; lastKnownFileType = wrapper.framework; name = ScriptingBridge.framework; path = System/Library/Frameworks/ScriptingBridge.framework; sourceTree = SDKROOT; };
		87B54A7A17739573000780BA /* iPhoto.h */ = {isa = PBXFileReference; fileEncoding = 4; lastKnownFileType = sourcecode.c.h; path = iPhoto.h; sourceTree = "<group>"; };
		87B54A7E1773960B000780BA /* IPFSLibrary.h */ = {isa = PBXFileReference; fileEncoding = 4; lastKnownFileType = sourcecode.c.h; path = IPFSLibrary.h; sourceTree = "<group>"; };
		87B54A7F1773960B000780BA /* IPFSLibrary.m */ = {isa = PBXFileReference; fileEncoding = 4; lastKnownFileType = sourcecode.c.objc; path = IPFSLibrary.m; sourceTree = "<group>"; };
		87B54A8117739AAE000780BA /* FlickrAPIKey.h */ = {isa = PBXFileReference; fileEncoding = 4; lastKnownFileType = sourcecode.c.h; path = FlickrAPIKey.h; sourceTree = "<group>"; };
		87B54A831774E99D000780BA /* Photo.h */ = {isa = PBXFileReference; fileEncoding = 4; lastKnownFileType = sourcecode.c.h; path = Photo.h; sourceTree = "<group>"; };
		87B54A841774E99D000780BA /* Photo.m */ = {isa = PBXFileReference; fileEncoding = 4; lastKnownFileType = sourcecode.c.objc; path = Photo.m; sourceTree = "<group>"; };
		87B54A861774E99D000780BA /* Album.h */ = {isa = PBXFileReference; fileEncoding = 4; lastKnownFileType = sourcecode.c.h; path = Album.h; sourceTree = "<group>"; };
		87B54A871774E99D000780BA /* Album.m */ = {isa = PBXFileReference; fileEncoding = 4; lastKnownFileType = sourcecode.c.objc; path = Album.m; sourceTree = "<group>"; };
/* End PBXFileReference section */

/* Begin PBXFrameworksBuildPhase section */
		87B54A2B177390EC000780BA /* Frameworks */ = {
			isa = PBXFrameworksBuildPhase;
			buildActionMask = 2147483647;
			files = (
				87B54A7517739511000780BA /* ScriptingBridge.framework in Frameworks */,
				87B54A721773942A000780BA /* ObjectiveFlickr.framework in Frameworks */,
				87B54A32177390EC000780BA /* Cocoa.framework in Frameworks */,
			);
			runOnlyForDeploymentPostprocessing = 0;
		};
		87B54A4D177390ED000780BA /* Frameworks */ = {
			isa = PBXFrameworksBuildPhase;
			buildActionMask = 2147483647;
			files = (
				87B54A53177390ED000780BA /* SenTestingKit.framework in Frameworks */,
				87B54A54177390ED000780BA /* Cocoa.framework in Frameworks */,
			);
			runOnlyForDeploymentPostprocessing = 0;
		};
/* End PBXFrameworksBuildPhase section */

/* Begin PBXGroup section */
		87B54A25177390EC000780BA = {
			isa = PBXGroup;
			children = (
				87B54A68177393D1000780BA /* ObjectiveFlickr.xcodeproj */,
				87B54A37177390EC000780BA /* iPhotoFlickrSync */,
				87B54A57177390ED000780BA /* iPhotoFlickrSyncTests */,
				87B54A30177390EC000780BA /* Frameworks */,
				87B54A2F177390EC000780BA /* Products */,
			);
			sourceTree = "<group>";
		};
		87B54A2F177390EC000780BA /* Products */ = {
			isa = PBXGroup;
			children = (
				87B54A2E177390EC000780BA /* iPhotoFlickrSync.app */,
				87B54A51177390ED000780BA /* iPhotoFlickrSyncTests.octest */,
			);
			name = Products;
			sourceTree = "<group>";
		};
		87B54A30177390EC000780BA /* Frameworks */ = {
			isa = PBXGroup;
			children = (
				87B54A7417739511000780BA /* ScriptingBridge.framework */,
				87B54A31177390EC000780BA /* Cocoa.framework */,
				87B54A52177390ED000780BA /* SenTestingKit.framework */,
				87B54A33177390EC000780BA /* Other Frameworks */,
			);
			name = Frameworks;
			sourceTree = "<group>";
		};
		87B54A33177390EC000780BA /* Other Frameworks */ = {
			isa = PBXGroup;
			children = (
				87B54A34177390EC000780BA /* AppKit.framework */,
				87B54A35177390EC000780BA /* CoreData.framework */,
				87B54A36177390EC000780BA /* Foundation.framework */,
			);
			name = "Other Frameworks";
			sourceTree = "<group>";
		};
		87B54A37177390EC000780BA /* iPhotoFlickrSync */ = {
			isa = PBXGroup;
			children = (
				87B54A8117739AAE000780BA /* FlickrAPIKey.h */,
				87B54A7A17739573000780BA /* iPhoto.h */,
				87B54A43177390EC000780BA /* IPFSAppDelegate.h */,
				87B54A44177390EC000780BA /* IPFSAppDelegate.m */,
				8797E741177785CC004BE29B /* IPFSPhotoUploader.h */,
				8797E742177785CC004BE29B /* IPFSPhotoUploader.m */,
				87B54A7E1773960B000780BA /* IPFSLibrary.h */,
				87B54A7F1773960B000780BA /* IPFSLibrary.m */,
				87B54A46177390ED000780BA /* MainMenu.xib */,
				87B54A49177390ED000780BA /* iPhotoFlickrSync.xcdatamodeld */,
				87B54A861774E99D000780BA /* Album.h */,
				87B54A871774E99D000780BA /* Album.m */,
				87B54A831774E99D000780BA /* Photo.h */,
				87B54A841774E99D000780BA /* Photo.m */,
				87B54A38177390EC000780BA /* Supporting Files */,
			);
			path = iPhotoFlickrSync;
			sourceTree = "<group>";
		};
		87B54A38177390EC000780BA /* Supporting Files */ = {
			isa = PBXGroup;
			children = (
				87B54A39177390EC000780BA /* iPhotoFlickrSync-Info.plist */,
				87B54A3A177390EC000780BA /* InfoPlist.strings */,
				87B54A3D177390EC000780BA /* main.m */,
				87B54A3F177390EC000780BA /* iPhotoFlickrSync-Prefix.pch */,
				87B54A40177390EC000780BA /* Credits.rtf */,
			);
			name = "Supporting Files";
			sourceTree = "<group>";
		};
		87B54A57177390ED000780BA /* iPhotoFlickrSyncTests */ = {
			isa = PBXGroup;
			children = (
				87B54A5D177390ED000780BA /* iPhotoFlickrSyncTests.h */,
				87B54A5E177390ED000780BA /* iPhotoFlickrSyncTests.m */,
				87B54A58177390ED000780BA /* Supporting Files */,
			);
			path = iPhotoFlickrSyncTests;
			sourceTree = "<group>";
		};
		87B54A58177390ED000780BA /* Supporting Files */ = {
			isa = PBXGroup;
			children = (
				87B54A59177390ED000780BA /* iPhotoFlickrSyncTests-Info.plist */,
				87B54A5A177390ED000780BA /* InfoPlist.strings */,
			);
			name = "Supporting Files";
			sourceTree = "<group>";
		};
		87B54A69177393D1000780BA /* Products */ = {
			isa = PBXGroup;
			children = (
				87B54A6F177393D1000780BA /* ObjectiveFlickr.framework */,
				87B54A71177393D1000780BA /* libObjectiveFlickr.a */,
			);
			name = Products;
			sourceTree = "<group>";
		};
/* End PBXGroup section */

/* Begin PBXNativeTarget section */
		87B54A2D177390EC000780BA /* iPhotoFlickrSync */ = {
			isa = PBXNativeTarget;
			buildConfigurationList = 87B54A62177390ED000780BA /* Build configuration list for PBXNativeTarget "iPhotoFlickrSync" */;
			buildPhases = (
				87B54A2A177390EC000780BA /* Sources */,
				87B54A2B177390EC000780BA /* Frameworks */,
				87B54A2C177390EC000780BA /* Resources */,
			);
			buildRules = (
			);
			dependencies = (
			);
			name = iPhotoFlickrSync;
			productName = iPhotoFlickrSync;
			productReference = 87B54A2E177390EC000780BA /* iPhotoFlickrSync.app */;
			productType = "com.apple.product-type.application";
		};
		87B54A50177390ED000780BA /* iPhotoFlickrSyncTests */ = {
			isa = PBXNativeTarget;
			buildConfigurationList = 87B54A65177390ED000780BA /* Build configuration list for PBXNativeTarget "iPhotoFlickrSyncTests" */;
			buildPhases = (
				87B54A4C177390ED000780BA /* Sources */,
				87B54A4D177390ED000780BA /* Frameworks */,
				87B54A4E177390ED000780BA /* Resources */,
				87B54A4F177390ED000780BA /* ShellScript */,
			);
			buildRules = (
			);
			dependencies = (
				87B54A56177390ED000780BA /* PBXTargetDependency */,
			);
			name = iPhotoFlickrSyncTests;
			productName = iPhotoFlickrSyncTests;
			productReference = 87B54A51177390ED000780BA /* iPhotoFlickrSyncTests.octest */;
			productType = "com.apple.product-type.bundle";
		};
/* End PBXNativeTarget section */

/* Begin PBXProject section */
		87B54A26177390EC000780BA /* Project object */ = {
			isa = PBXProject;
			attributes = {
				CLASSPREFIX = IPFS;
				LastUpgradeCheck = 0460;
				ORGANIZATIONNAME = "Mads Mætzke Tandrup";
			};
			buildConfigurationList = 87B54A29177390EC000780BA /* Build configuration list for PBXProject "iPhotoFlickrSync" */;
			compatibilityVersion = "Xcode 3.2";
			developmentRegion = English;
			hasScannedForEncodings = 0;
			knownRegions = (
				en,
			);
			mainGroup = 87B54A25177390EC000780BA;
			productRefGroup = 87B54A2F177390EC000780BA /* Products */;
			projectDirPath = "";
			projectReferences = (
				{
					ProductGroup = 87B54A69177393D1000780BA /* Products */;
					ProjectRef = 87B54A68177393D1000780BA /* ObjectiveFlickr.xcodeproj */;
				},
			);
			projectRoot = "";
			targets = (
				87B54A2D177390EC000780BA /* iPhotoFlickrSync */,
				87B54A50177390ED000780BA /* iPhotoFlickrSyncTests */,
			);
		};
/* End PBXProject section */

/* Begin PBXReferenceProxy section */
		87B54A6F177393D1000780BA /* ObjectiveFlickr.framework */ = {
			isa = PBXReferenceProxy;
			fileType = wrapper.framework;
			path = ObjectiveFlickr.framework;
			remoteRef = 87B54A6E177393D1000780BA /* PBXContainerItemProxy */;
			sourceTree = BUILT_PRODUCTS_DIR;
		};
		87B54A71177393D1000780BA /* libObjectiveFlickr.a */ = {
			isa = PBXReferenceProxy;
			fileType = archive.ar;
			path = libObjectiveFlickr.a;
			remoteRef = 87B54A70177393D1000780BA /* PBXContainerItemProxy */;
			sourceTree = BUILT_PRODUCTS_DIR;
		};
/* End PBXReferenceProxy section */

/* Begin PBXResourcesBuildPhase section */
		87B54A2C177390EC000780BA /* Resources */ = {
			isa = PBXResourcesBuildPhase;
			buildActionMask = 2147483647;
			files = (
				87B54A3C177390EC000780BA /* InfoPlist.strings in Resources */,
				87B54A42177390EC000780BA /* Credits.rtf in Resources */,
				87B54A48177390ED000780BA /* MainMenu.xib in Resources */,
			);
			runOnlyForDeploymentPostprocessing = 0;
		};
		87B54A4E177390ED000780BA /* Resources */ = {
			isa = PBXResourcesBuildPhase;
			buildActionMask = 2147483647;
			files = (
				87B54A5C177390ED000780BA /* InfoPlist.strings in Resources */,
			);
			runOnlyForDeploymentPostprocessing = 0;
		};
/* End PBXResourcesBuildPhase section */

/* Begin PBXShellScriptBuildPhase section */
		87B54A4F177390ED000780BA /* ShellScript */ = {
			isa = PBXShellScriptBuildPhase;
			buildActionMask = 2147483647;
			files = (
			);
			inputPaths = (
			);
			outputPaths = (
			);
			runOnlyForDeploymentPostprocessing = 0;
			shellPath = /bin/sh;
			shellScript = "# Run the unit tests in this test bundle.\n\"${SYSTEM_DEVELOPER_DIR}/Tools/RunUnitTests\"\n";
		};
/* End PBXShellScriptBuildPhase section */

/* Begin PBXSourcesBuildPhase section */
		87B54A2A177390EC000780BA /* Sources */ = {
			isa = PBXSourcesBuildPhase;
			buildActionMask = 2147483647;
			files = (
				87B54A3E177390EC000780BA /* main.m in Sources */,
				87B54A45177390EC000780BA /* IPFSAppDelegate.m in Sources */,
				87B54A4B177390ED000780BA /* iPhotoFlickrSync.xcdatamodeld in Sources */,
				87B54A801773960B000780BA /* IPFSLibrary.m in Sources */,
				87B54A851774E99D000780BA /* Photo.m in Sources */,
				87B54A881774E99D000780BA /* Album.m in Sources */,
				8797E743177785CC004BE29B /* IPFSPhotoUploader.m in Sources */,
			);
			runOnlyForDeploymentPostprocessing = 0;
		};
		87B54A4C177390ED000780BA /* Sources */ = {
			isa = PBXSourcesBuildPhase;
			buildActionMask = 2147483647;
			files = (
				87B54A5F177390ED000780BA /* iPhotoFlickrSyncTests.m in Sources */,
			);
			runOnlyForDeploymentPostprocessing = 0;
		};
/* End PBXSourcesBuildPhase section */

/* Begin PBXTargetDependency section */
		87B54A56177390ED000780BA /* PBXTargetDependency */ = {
			isa = PBXTargetDependency;
			target = 87B54A2D177390EC000780BA /* iPhotoFlickrSync */;
			targetProxy = 87B54A55177390ED000780BA /* PBXContainerItemProxy */;
		};
/* End PBXTargetDependency section */

/* Begin PBXVariantGroup section */
		87B54A3A177390EC000780BA /* InfoPlist.strings */ = {
			isa = PBXVariantGroup;
			children = (
				87B54A3B177390EC000780BA /* en */,
			);
			name = InfoPlist.strings;
			sourceTree = "<group>";
		};
		87B54A40177390EC000780BA /* Credits.rtf */ = {
			isa = PBXVariantGroup;
			children = (
				87B54A41177390EC000780BA /* en */,
			);
			name = Credits.rtf;
			sourceTree = "<group>";
		};
		87B54A46177390ED000780BA /* MainMenu.xib */ = {
			isa = PBXVariantGroup;
			children = (
				87B54A47177390ED000780BA /* en */,
			);
			name = MainMenu.xib;
			sourceTree = "<group>";
		};
		87B54A5A177390ED000780BA /* InfoPlist.strings */ = {
			isa = PBXVariantGroup;
			children = (
				87B54A5B177390ED000780BA /* en */,
			);
			name = InfoPlist.strings;
			sourceTree = "<group>";
		};
/* End PBXVariantGroup section */

/* Begin XCBuildConfiguration section */
		87B54A60177390ED000780BA /* Debug */ = {
			isa = XCBuildConfiguration;
			buildSettings = {
				ALWAYS_SEARCH_USER_PATHS = NO;
				ARCHS = "$(ARCHS_STANDARD_64_BIT)";
				CLANG_CXX_LANGUAGE_STANDARD = "gnu++0x";
				CLANG_CXX_LIBRARY = "libc++";
				CLANG_ENABLE_OBJC_ARC = YES;
				CLANG_WARN_CONSTANT_CONVERSION = YES;
				CLANG_WARN_EMPTY_BODY = YES;
				CLANG_WARN_ENUM_CONVERSION = YES;
				CLANG_WARN_INT_CONVERSION = YES;
				CLANG_WARN__DUPLICATE_METHOD_MATCH = YES;
				COPY_PHASE_STRIP = NO;
				GCC_C_LANGUAGE_STANDARD = gnu99;
				GCC_DYNAMIC_NO_PIC = NO;
				GCC_ENABLE_OBJC_EXCEPTIONS = YES;
				GCC_OPTIMIZATION_LEVEL = 0;
				GCC_PREPROCESSOR_DEFINITIONS = (
					"DEBUG=1",
					"$(inherited)",
				);
				GCC_SYMBOLS_PRIVATE_EXTERN = NO;
				GCC_WARN_64_TO_32_BIT_CONVERSION = YES;
				GCC_WARN_ABOUT_RETURN_TYPE = YES;
				GCC_WARN_UNINITIALIZED_AUTOS = YES;
				GCC_WARN_UNUSED_VARIABLE = YES;
				MACOSX_DEPLOYMENT_TARGET = 10.8;
				ONLY_ACTIVE_ARCH = YES;
				SDKROOT = macosx;
			};
			name = Debug;
		};
		87B54A61177390ED000780BA /* Release */ = {
			isa = XCBuildConfiguration;
			buildSettings = {
				ALWAYS_SEARCH_USER_PATHS = NO;
				ARCHS = "$(ARCHS_STANDARD_64_BIT)";
				CLANG_CXX_LANGUAGE_STANDARD = "gnu++0x";
				CLANG_CXX_LIBRARY = "libc++";
				CLANG_ENABLE_OBJC_ARC = YES;
				CLANG_WARN_CONSTANT_CONVERSION = YES;
				CLANG_WARN_EMPTY_BODY = YES;
				CLANG_WARN_ENUM_CONVERSION = YES;
				CLANG_WARN_INT_CONVERSION = YES;
				CLANG_WARN__DUPLICATE_METHOD_MATCH = YES;
				COPY_PHASE_STRIP = YES;
				DEBUG_INFORMATION_FORMAT = "dwarf-with-dsym";
				GCC_C_LANGUAGE_STANDARD = gnu99;
				GCC_ENABLE_OBJC_EXCEPTIONS = YES;
				GCC_WARN_64_TO_32_BIT_CONVERSION = YES;
				GCC_WARN_ABOUT_RETURN_TYPE = YES;
				GCC_WARN_UNINITIALIZED_AUTOS = YES;
				GCC_WARN_UNUSED_VARIABLE = YES;
				MACOSX_DEPLOYMENT_TARGET = 10.8;
				SDKROOT = macosx;
			};
			name = Release;
		};
		87B54A63177390ED000780BA /* Debug */ = {
			isa = XCBuildConfiguration;
			buildSettings = {
				COMBINE_HIDPI_IMAGES = YES;
				GCC_PRECOMPILE_PREFIX_HEADER = YES;
				GCC_PREFIX_HEADER = "iPhotoFlickrSync/iPhotoFlickrSync-Prefix.pch";
				INFOPLIST_FILE = "iPhotoFlickrSync/iPhotoFlickrSync-Info.plist";
				PRODUCT_NAME = "$(TARGET_NAME)";
				WRAPPER_EXTENSION = app;
			};
			name = Debug;
		};
		87B54A64177390ED000780BA /* Release */ = {
			isa = XCBuildConfiguration;
			buildSettings = {
				COMBINE_HIDPI_IMAGES = YES;
				GCC_PRECOMPILE_PREFIX_HEADER = YES;
				GCC_PREFIX_HEADER = "iPhotoFlickrSync/iPhotoFlickrSync-Prefix.pch";
				INFOPLIST_FILE = "iPhotoFlickrSync/iPhotoFlickrSync-Info.plist";
				PRODUCT_NAME = "$(TARGET_NAME)";
				WRAPPER_EXTENSION = app;
			};
			name = Release;
		};
		87B54A66177390ED000780BA /* Debug */ = {
			isa = XCBuildConfiguration;
			buildSettings = {
				BUNDLE_LOADER = "$(BUILT_PRODUCTS_DIR)/iPhotoFlickrSync.app/Contents/MacOS/iPhotoFlickrSync";
				COMBINE_HIDPI_IMAGES = YES;
				FRAMEWORK_SEARCH_PATHS = "\"$(DEVELOPER_LIBRARY_DIR)/Frameworks\"";
				GCC_PRECOMPILE_PREFIX_HEADER = YES;
				GCC_PREFIX_HEADER = "iPhotoFlickrSync/iPhotoFlickrSync-Prefix.pch";
				INFOPLIST_FILE = "iPhotoFlickrSyncTests/iPhotoFlickrSyncTests-Info.plist";
				PRODUCT_NAME = "$(TARGET_NAME)";
				TEST_HOST = "$(BUNDLE_LOADER)";
				WRAPPER_EXTENSION = octest;
			};
			name = Debug;
		};
		87B54A67177390ED000780BA /* Release */ = {
			isa = XCBuildConfiguration;
			buildSettings = {
				BUNDLE_LOADER = "$(BUILT_PRODUCTS_DIR)/iPhotoFlickrSync.app/Contents/MacOS/iPhotoFlickrSync";
				COMBINE_HIDPI_IMAGES = YES;
				FRAMEWORK_SEARCH_PATHS = "\"$(DEVELOPER_LIBRARY_DIR)/Frameworks\"";
				GCC_PRECOMPILE_PREFIX_HEADER = YES;
				GCC_PREFIX_HEADER = "iPhotoFlickrSync/iPhotoFlickrSync-Prefix.pch";
				INFOPLIST_FILE = "iPhotoFlickrSyncTests/iPhotoFlickrSyncTests-Info.plist";
				PRODUCT_NAME = "$(TARGET_NAME)";
				TEST_HOST = "$(BUNDLE_LOADER)";
				WRAPPER_EXTENSION = octest;
			};
			name = Release;
		};
/* End XCBuildConfiguration section */

/* Begin XCConfigurationList section */
		87B54A29177390EC000780BA /* Build configuration list for PBXProject "iPhotoFlickrSync" */ = {
			isa = XCConfigurationList;
			buildConfigurations = (
				87B54A60177390ED000780BA /* Debug */,
				87B54A61177390ED000780BA /* Release */,
			);
			defaultConfigurationIsVisible = 0;
			defaultConfigurationName = Release;
		};
		87B54A62177390ED000780BA /* Build configuration list for PBXNativeTarget "iPhotoFlickrSync" */ = {
			isa = XCConfigurationList;
			buildConfigurations = (
				87B54A63177390ED000780BA /* Debug */,
				87B54A64177390ED000780BA /* Release */,
			);
			defaultConfigurationIsVisible = 0;
			defaultConfigurationName = Release;
		};
		87B54A65177390ED000780BA /* Build configuration list for PBXNativeTarget "iPhotoFlickrSyncTests" */ = {
			isa = XCConfigurationList;
			buildConfigurations = (
				87B54A66177390ED000780BA /* Debug */,
				87B54A67177390ED000780BA /* Release */,
			);
			defaultConfigurationIsVisible = 0;
			defaultConfigurationName = Release;
		};
/* End XCConfigurationList section */

/* Begin XCVersionGroup section */
		87B54A49177390ED000780BA /* iPhotoFlickrSync.xcdatamodeld */ = {
			isa = XCVersionGroup;
			children = (
				87B54A4A177390ED000780BA /* iPhotoFlickrSync.xcdatamodel */,
			);
			currentVersion = 87B54A4A177390ED000780BA /* iPhotoFlickrSync.xcdatamodel */;
			path = iPhotoFlickrSync.xcdatamodeld;
			sourceTree = "<group>";
			versionGroupType = wrapper.xcdatamodel;
		};
/* End XCVersionGroup section */
	};
	rootObject = 87B54A26177390EC000780BA /* Project object */;
}
